github.com/google/uuid v1.3.0 h1:t6JiXgmwXMjEs8VusXIJk2BXHsn+wx8BZdTaoZ5fu7I=
github.com/google/uuid v1.3.0/go.mod h1:TIyPZe4MgqvfeYDBFedMoGGpEw/LqOeaOT+nhxU+yHo=
github.com/kirill-scherba/bslice v0.0.1 h1:2niA7JJooRQUPssfhQ4foDFZibc3bew2SiLcaDJZGtQ=
github.com/kirill-scherba/bslice v0.0.1/go.mod h1:oMZe3puDpM84VyI0S0qc2XrepyxKJIwEovbNRJPyuTw=
github.com/kirill-scherba/stable v0.0.8 h1:m0GM5FCx1SJkai1o6kfQI0lKUWeupQGTicqb8EIPorg=
github.com/kirill-scherba/stable v0.0.8/go.mod h1:Le2T16xIQmb9c9xzDVSqf7bWvpzo1pbDQLeD0s7qxZU=
github.com/kirill-scherba/teonet v0.5.17 h1:Vo4BeWpwzUZCGBB/ahOQr389thNhG/QvIfbPuO57jFg=
github.com/kirill-scherba/teonet v0.5.17/go.mod h1:iGbUh9Kq+q6Ik3eT32cahaH1b6njKLTzcOeVn1EE3iY=
github.com/kirill-scherba/tru v0.0.4 h1:vegBE8gAy24nkh6zdvJaYUDfSuf7Qu55cHLEAw65g/Q=
github.com/kirill-scherba/tru v0.0.4/go.mod h1:o9u6EG094nGMhnb3of7FoBb842m2iO7TzwXoV2c7RMM=
golang.org/x/sys v0.0.0-20220519141025-dcacdad47464 h1:MpIuURY70f0iKp/oooEFtB2oENcHITo/z1b6u41pKCw=
golang.org/x/sys v0.0.0-20220519141025-dcacdad47464/go.mod h1:oPkhp1MJrh7nUepCBck5+mAzfO9JrbApNNgaTdGDITg=
